# THIS IS AN AUTOGENERATED FILE. DO NOT EDIT THIS FILE DIRECTLY.
# yarn lockfile v1


bootstrap-select@^1.13.18:
  version "1.13.18"
  resolved "https://registry.yarnpkg.com/bootstrap-select/-/bootstrap-select-1.13.18.tgz#4557119d58dc1159189977161c803962220e4dda"
  integrity sha512-V1IzK4rxBq5FrJtkzSH6RmFLFBsjx50byFbfAf8jYyXROWs7ZpprGjdHeoyq2HSsHyjJhMMwjsQhRoYAfxCGow==
