{
  "requires": true,
  "lockfileVersion": 1,
  "dependencies": {
    "@babel/runtime": {
      "version": "7.16.3",
      "resolved": "https://registry.npmjs.org/@babel/runtime/-/runtime-7.16.3.tgz",
      "integrity": "sha512-WBwekcqacdY2e9AF/Q7WLFUWmdJGJTkbjqTjoMDgXkVZ3ZRUvOPsLb5KdwISoQVsbP+DQzVZW4Zhci0DvpbNTQ==",
      "requires": {
        "regenerator-runtime": "^0.13.4"
      }
    },
    "@juggle/resize-observer": {
      "version": "3.3.1",
      "resolved": "https://registry.npmjs.org/@juggle/resize-observer/-/resize-observer-3.3.1.tgz",
      "integrity": "sha512-zMM9Ds+SawiUkakS7y94Ymqx+S0ORzpG3frZirN3l+UlXUmSUR7hF4wxCVqW+ei94JzV5kt0uXBcoOEAuiydrw=="
    },
    "@rsuite/icon-font": {
      "version": "4.0.0",
      "resolved": "https://registry.npmjs.org/@rsuite/icon-font/-/icon-font-4.0.0.tgz",
      "integrity": "sha512-rZTgpTH3H3HLczCA2rnkWfoMKm0ZXoRzsrkVujfP/FfslnKUMvO6w56pa8pCvhWGpNEPUsLS2ULnFGpTEcup/Q=="
    },
    "@rsuite/icons": {
      "version": "1.0.2",
      "resolved": "https://registry.npmjs.org/@rsuite/icons/-/icons-1.0.2.tgz",
      "integrity": "sha512-Y7vJNDQpJnFlyYSUXQ2iQ9Meg7+ZKcrIenhpYDdM3c7vYDE/L7pml+hrK28jk6QfV/QkVv5B504D+l7aM6AAJQ==",
      "requires": {
        "@rsuite/icon-font": "^4.0.0",
        "classnames": "^2.2.5",
        "insert-css": "^2.0.0",
        "lodash": "^4.17.20"
      }
    },
    "classnames": {
      "version": "2.3.1",
      "resolved": "https://registry.npmjs.org/classnames/-/classnames-2.3.1.tgz",
      "integrity": "sha512-OlQdbZ7gLfGarSqxesMesDa5uz7KFbID8Kpq/SxIoNGDqY8lSYs0D+hhtBXhcdB3rcbXArFr7vlHheLk1voeNA=="
    },
    "dom-lib": {
      "version": "3.0.0",
      "resolved": "https://registry.npmjs.org/dom-lib/-/dom-lib-3.0.0.tgz",
      "integrity": "sha512-3US7OyceYve90NSU4MhuE0lK4a7aB1hbb14h45v3CPV/ZolLoEOeuPrdS/A0L8kLnwgVCDiKwlPy/Ajq0u9vfA==",
      "requires": {
        "@babel/runtime": "^7.16.0"
      }
    },
    "insert-css": {
      "version": "2.0.0",
      "resolved": "https://registry.npmjs.org/insert-css/-/insert-css-2.0.0.tgz",
      "integrity": "sha1-610Ql7dUL0x56jBg067gfQU4gPQ="
    },
    "lodash": {
      "version": "4.17.21",
      "resolved": "https://registry.npmjs.org/lodash/-/lodash-4.17.21.tgz",
      "integrity": "sha512-v2kDEe57lecTulaDIuNTPy3Ry4gLGJ6Z1O3vE1krgXZNrsQ+LFTGHVxVjcXPs17LhbZVGedAJv8XZ1tvj5FvSg=="
    },
    "regenerator-runtime": {
      "version": "0.13.9",
      "resolved": "https://registry.npmjs.org/regenerator-runtime/-/regenerator-runtime-0.13.9.tgz",
      "integrity": "sha512-p3VT+cOEgxFsRRA9X4lkI1E+k2/CtnKtU4gcxyaCUreilL/vqI6CdZ3wxVUx3UOUg+gnUOQQcRI7BmSI656MYA=="
    },
    "rsuite-table": {
      "version": "5.2.0",
      "resolved": "https://registry.npmjs.org/rsuite-table/-/rsuite-table-5.2.0.tgz",
      "integrity": "sha512-MiJtfZYSMXqaUdEFQ0Q5A5mNjiB0upZumoqMyd0WGsJDC6Ff8tbnMEDBbcMcQ6GcL2MSJoxi1vz3kIo/mZ1Wew==",
      "requires": {
        "@babel/runtime": "^7.12.5",
        "@juggle/resize-observer": "^3.3.1",
        "@rsuite/icons": "^1.0.0",
        "classnames": "^2.2.5",
        "dom-lib": "^3.0.0",
        "lodash": "^4.17.21"
      }
    }
  }
}
